
Microsoft Visual Studio Solution File, Format Version 12.00
# Visual Studio Version 17
VisualStudioVersion = 17.1.32319.34
MinimumVisualStudioVersion = 10.0.40219.1
Project("{9A19103F-16F7-4668-BE54-9A1E7A4F7556}") = "DemoASM", "DemoASM\DemoASM.csproj", "{CFDE2CB2-4A45-4EFE-B02F-2BD6545769CF}"
EndProject
Global
	GlobalSection(SolutionConfigurationPlatforms) = preSolution
		Debug|Any CPU = Debug|Any CPU
		Release|Any CPU = Release|Any CPU
	EndGlobalSection
	GlobalSection(ProjectConfigurationPlatforms) = postSolution
		{CFDE2CB2-4A45-4EFE-B02F-2BD6545769CF}.Debug|Any CPU.ActiveCfg = Debug|Any CPU
		{CFDE2CB2-4A45-4EFE-B02F-2BD6545769CF}.Debug|Any CPU.Build.0 = Debug|Any CPU
		{CFDE2CB2-4A45-4EFE-B02F-2BD6545769CF}.Release|Any CPU.ActiveCfg = Release|Any CPU
		{CFDE2CB2-4A45-4EFE-B02F-2BD6545769CF}.Release|Any CPU.Build.0 = Release|Any CPU
	EndGlobalSection
	GlobalSection(SolutionProperties) = preSolution
		HideSolutionNode = FALSE
	EndGlobalSection
	GlobalSection(ExtensibilityGlobals) = postSolution
		SolutionGuid = {FA2ED07E-B8CB-4BEB-A74D-EF0012845BB8}
	EndGlobalSection
EndGlobal
